
Microsoft Visual Studio Solution File, Format Version 12.00
# Visual Studio Version 16
VisualStudioVersion = 16.0.30611.23
MinimumVisualStudioVersion = 10.0.40219.1
Project("{9A19103F-16F7-4668-BE54-9A1E7A4F7556}") = "PhotosApp", "PhotosApp\PhotosApp.csproj", "{2CC74569-D606-4305-9F72-866B4A665422}"
EndProject
Project("{FAE04EC0-301F-11D3-BF4B-00C04F79EFBC}") = "Photos.Data", "Photos.Data\Photos.Data.csproj", "{A52F25E4-BC10-4D3B-BB4C-26551FDF54FF}"
EndProject
Global
	GlobalSection(SolutionConfigurationPlatforms) = preSolution
		Debug|Any CPU = Debug|Any CPU
		Release|Any CPU = Release|Any CPU
	EndGlobalSection
	GlobalSection(ProjectConfigurationPlatforms) = postSolution
		{2CC74569-D606-4305-9F72-866B4A665422}.Debug|Any CPU.ActiveCfg = Debug|Any CPU
		{2CC74569-D606-4305-9F72-866B4A665422}.Debug|Any CPU.Build.0 = Debug|Any CPU
		{2CC74569-D606-4305-9F72-866B4A665422}.Release|Any CPU.ActiveCfg = Release|Any CPU
		{2CC74569-D606-4305-9F72-866B4A665422}.Release|Any CPU.Build.0 = Release|Any CPU
		{A52F25E4-BC10-4D3B-BB4C-26551FDF54FF}.Debug|Any CPU.ActiveCfg = Debug|Any CPU
		{A52F25E4-BC10-4D3B-BB4C-26551FDF54FF}.Debug|Any CPU.Build.0 = Debug|Any CPU
		{A52F25E4-BC10-4D3B-BB4C-26551FDF54FF}.Release|Any CPU.ActiveCfg = Release|Any CPU
		{A52F25E4-BC10-4D3B-BB4C-26551FDF54FF}.Release|Any CPU.Build.0 = Release|Any CPU
	EndGlobalSection
	GlobalSection(SolutionProperties) = preSolution
		HideSolutionNode = FALSE
	EndGlobalSection
	GlobalSection(ExtensibilityGlobals) = postSolution
		SolutionGuid = {4BFE1200-CCE4-41C3-B593-47A139F536A6}
	EndGlobalSection
EndGlobal
